
Microsoft Visual Studio Solution File, Format Version 12.00
# Visual Studio Version 17
VisualStudioVersion = 17.5.002.0
MinimumVisualStudioVersion = 10.0.40219.1
Project("{9A19103F-16F7-4668-BE54-9A1E7A4F7556}") = "932021.Gaisin.Roman.lab11", "932021.Gaisin.Roman.lab11.csproj", "{291D8A57-0168-4CF8-9527-668E243E260E}"
EndProject
Global
	GlobalSection(SolutionConfigurationPlatforms) = preSolution
		Debug|Any CPU = Debug|Any CPU
		Release|Any CPU = Release|Any CPU
	EndGlobalSection
	GlobalSection(ProjectConfigurationPlatforms) = postSolution
		{291D8A57-0168-4CF8-9527-668E243E260E}.Debug|Any CPU.ActiveCfg = Debug|Any CPU
		{291D8A57-0168-4CF8-9527-668E243E260E}.Debug|Any CPU.Build.0 = Debug|Any CPU
		{291D8A57-0168-4CF8-9527-668E243E260E}.Release|Any CPU.ActiveCfg = Release|Any CPU
		{291D8A57-0168-4CF8-9527-668E243E260E}.Release|Any CPU.Build.0 = Release|Any CPU
	EndGlobalSection
	GlobalSection(SolutionProperties) = preSolution
		HideSolutionNode = FALSE
	EndGlobalSection
	GlobalSection(ExtensibilityGlobals) = postSolution
		SolutionGuid = {B168A835-0D39-4BBC-AF41-1FF88B26D895}
	EndGlobalSection
EndGlobal
